// !$*UTF8*$!
{
	archiveVersion = 1;
	classes = {
	};
	objectVersion = 50;
	objects = {

/* Begin PBXBuildFile section */
		BEB74C2D2508797B0035FEC1 /* SidePlayApp.swift in Sources */ = {isa = PBXBuildFile; fileRef = BEB74C2C2508797B0035FEC1 /* SidePlayApp.swift */; };
		BEB74C2F2508797B0035FEC1 /* ContentView.swift in Sources */ = {isa = PBXBuildFile; fileRef = BEB74C2E2508797B0035FEC1 /* ContentView.swift */; };
		BEB74C312508797C0035FEC1 /* Assets.xcassets in Resources */ = {isa = PBXBuildFile; fileRef = BEB74C302508797C0035FEC1 /* Assets.xcassets */; };
		BEB74C342508797C0035FEC1 /* Preview Assets.xcassets in Resources */ = {isa = PBXBuildFile; fileRef = BEB74C332508797C0035FEC1 /* Preview Assets.xcassets */; };
		BEB74C362508797C0035FEC1 /* Persistence.swift in Sources */ = {isa = PBXBuildFile; fileRef = BEB74C352508797C0035FEC1 /* Persistence.swift */; };
		BEB74C392508797C0035FEC1 /* SidePlay.xcdatamodeld in Sources */ = {isa = PBXBuildFile; fileRef = BEB74C372508797C0035FEC1 /* SidePlay.xcdatamodeld */; };
		BEB74C442508797C0035FEC1 /* SidePlayTests.swift in Sources */ = {isa = PBXBuildFile; fileRef = BEB74C432508797C0035FEC1 /* SidePlayTests.swift */; };
		BEB74C4F2508797C0035FEC1 /* SidePlayUITests.swift in Sources */ = {isa = PBXBuildFile; fileRef = BEB74C4E2508797C0035FEC1 /* SidePlayUITests.swift */; };
/* End PBXBuildFile section */

/* Begin PBXContainerItemProxy section */
		BEB74C402508797C0035FEC1 /* PBXContainerItemProxy */ = {
			isa = PBXContainerItemProxy;
			containerPortal = BEB74C212508797B0035FEC1 /* Project object */;
			proxyType = 1;
			remoteGlobalIDString = BEB74C282508797B0035FEC1;
			remoteInfo = SidePlay;
		};
		BEB74C4B2508797C0035FEC1 /* PBXContainerItemProxy */ = {
			isa = PBXContainerItemProxy;
			containerPortal = BEB74C212508797B0035FEC1 /* Project object */;
			proxyType = 1;
			remoteGlobalIDString = BEB74C282508797B0035FEC1;
			remoteInfo = SidePlay;
		};
/* End PBXContainerItemProxy section */

/* Begin PBXFileReference section */
		BEB74C292508797B0035FEC1 /* SidePlay.app */ = {isa = PBXFileReference; explicitFileType = wrapper.application; includeInIndex = 0; path = SidePlay.app; sourceTree = BUILT_PRODUCTS_DIR; };
		BEB74C2C2508797B0035FEC1 /* SidePlayApp.swift */ = {isa = PBXFileReference; lastKnownFileType = sourcecode.swift; path = SidePlayApp.swift; sourceTree = "<group>"; };
		BEB74C2E2508797B0035FEC1 /* ContentView.swift */ = {isa = PBXFileReference; lastKnownFileType = sourcecode.swift; path = ContentView.swift; sourceTree = "<group>"; };
		BEB74C302508797C0035FEC1 /* Assets.xcassets */ = {isa = PBXFileReference; lastKnownFileType = folder.assetcatalog; path = Assets.xcassets; sourceTree = "<group>"; };
		BEB74C332508797C0035FEC1 /* Preview Assets.xcassets */ = {isa = PBXFileReference; lastKnownFileType = folder.assetcatalog; path = "Preview Assets.xcassets"; sourceTree = "<group>"; };
		BEB74C352508797C0035FEC1 /* Persistence.swift */ = {isa = PBXFileReference; lastKnownFileType = sourcecode.swift; path = Persistence.swift; sourceTree = "<group>"; };
		BEB74C382508797C0035FEC1 /* SidePlay.xcdatamodel */ = {isa = PBXFileReference; lastKnownFileType = wrapper.xcdatamodel; path = SidePlay.xcdatamodel; sourceTree = "<group>"; };
		BEB74C3A2508797C0035FEC1 /* Info.plist */ = {isa = PBXFileReference; lastKnownFileType = text.plist.xml; path = Info.plist; sourceTree = "<group>"; };
		BEB74C3F2508797C0035FEC1 /* SidePlayTests.xctest */ = {isa = PBXFileReference; explicitFileType = wrapper.cfbundle; includeInIndex = 0; path = SidePlayTests.xctest; sourceTree = BUILT_PRODUCTS_DIR; };
		BEB74C432508797C0035FEC1 /* SidePlayTests.swift */ = {isa = PBXFileReference; lastKnownFileType = sourcecode.swift; path = SidePlayTests.swift; sourceTree = "<group>"; };
		BEB74C452508797C0035FEC1 /* Info.plist */ = {isa = PBXFileReference; lastKnownFileType = text.plist.xml; path = Info.plist; sourceTree = "<group>"; };
		BEB74C4A2508797C0035FEC1 /* SidePlayUITests.xctest */ = {isa = PBXFileReference; explicitFileType = wrapper.cfbundle; includeInIndex = 0; path = SidePlayUITests.xctest; sourceTree = BUILT_PRODUCTS_DIR; };
		BEB74C4E2508797C0035FEC1 /* SidePlayUITests.swift */ = {isa = PBXFileReference; lastKnownFileType = sourcecode.swift; path = SidePlayUITests.swift; sourceTree = "<group>"; };
		BEB74C502508797C0035FEC1 /* Info.plist */ = {isa = PBXFileReference; lastKnownFileType = text.plist.xml; path = Info.plist; sourceTree = "<group>"; };
/* End PBXFileReference section */

/* Begin PBXFrameworksBuildPhase section */
		BEB74C262508797B0035FEC1 /* Frameworks */ = {
			isa = PBXFrameworksBuildPhase;
			buildActionMask = 2147483647;
			files = (
			);
			runOnlyForDeploymentPostprocessing = 0;
		};
		BEB74C3C2508797C0035FEC1 /* Frameworks */ = {
			isa = PBXFrameworksBuildPhase;
			buildActionMask = 2147483647;
			files = (
			);
			runOnlyForDeploymentPostprocessing = 0;
		};
		BEB74C472508797C0035FEC1 /* Frameworks */ = {
			isa = PBXFrameworksBuildPhase;
			buildActionMask = 2147483647;
			files = (
			);
			runOnlyForDeploymentPostprocessing = 0;
		};
/* End PBXFrameworksBuildPhase section */

/* Begin PBXGroup section */
		BEB74C202508797B0035FEC1 = {
			isa = PBXGroup;
			children = (
				BEB74C2B2508797B0035FEC1 /* SidePlay */,
				BEB74C422508797C0035FEC1 /* SidePlayTests */,
				BEB74C4D2508797C0035FEC1 /* SidePlayUITests */,
				BEB74C2A2508797B0035FEC1 /* Products */,
			);
			sourceTree = "<group>";
		};
		BEB74C2A2508797B0035FEC1 /* Products */ = {
			isa = PBXGroup;
			children = (
				BEB74C292508797B0035FEC1 /* SidePlay.app */,
				BEB74C3F2508797C0035FEC1 /* SidePlayTests.xctest */,
				BEB74C4A2508797C0035FEC1 /* SidePlayUITests.xctest */,
			);
			name = Products;
			sourceTree = "<group>";
		};
		BEB74C2B2508797B0035FEC1 /* SidePlay */ = {
			isa = PBXGroup;
			children = (
				BEB74C2C2508797B0035FEC1 /* SidePlayApp.swift */,
				BEB74C2E2508797B0035FEC1 /* ContentView.swift */,
				BEB74C302508797C0035FEC1 /* Assets.xcassets */,
				BEB74C352508797C0035FEC1 /* Persistence.swift */,
				BEB74C3A2508797C0035FEC1 /* Info.plist */,
				BEB74C372508797C0035FEC1 /* SidePlay.xcdatamodeld */,
				BEB74C322508797C0035FEC1 /* Preview Content */,
			);
			path = SidePlay;
			sourceTree = "<group>";
		};
		BEB74C322508797C0035FEC1 /* Preview Content */ = {
			isa = PBXGroup;
			children = (
				BEB74C332508797C0035FEC1 /* Preview Assets.xcassets */,
			);
			path = "Preview Content";
			sourceTree = "<group>";
		};
		BEB74C422508797C0035FEC1 /* SidePlayTests */ = {
			isa = PBXGroup;
			children = (
				BEB74C432508797C0035FEC1 /* SidePlayTests.swift */,
				BEB74C452508797C0035FEC1 /* Info.plist */,
			);
			path = SidePlayTests;
			sourceTree = "<group>";
		};
		BEB74C4D2508797C0035FEC1 /* SidePlayUITests */ = {
			isa = PBXGroup;
			children = (
				BEB74C4E2508797C0035FEC1 /* SidePlayUITests.swift */,
				BEB74C502508797C0035FEC1 /* Info.plist */,
			);
			path = SidePlayUITests;
			sourceTree = "<group>";
		};
/* End PBXGroup section */

/* Begin PBXNativeTarget section */
		BEB74C282508797B0035FEC1 /* SidePlay */ = {
			isa = PBXNativeTarget;
			buildConfigurationList = BEB74C532508797C0035FEC1 /* Build configuration list for PBXNativeTarget "SidePlay" */;
			buildPhases = (
				BEB74C252508797B0035FEC1 /* Sources */,
				BEB74C262508797B0035FEC1 /* Frameworks */,
				BEB74C272508797B0035FEC1 /* Resources */,
			);
			buildRules = (
			);
			dependencies = (
			);
			name = SidePlay;
			productName = SidePlay;
			productReference = BEB74C292508797B0035FEC1 /* SidePlay.app */;
			productType = "com.apple.product-type.application";
		};
		BEB74C3E2508797C0035FEC1 /* SidePlayTests */ = {
			isa = PBXNativeTarget;
			buildConfigurationList = BEB74C562508797C0035FEC1 /* Build configuration list for PBXNativeTarget "SidePlayTests" */;
			buildPhases = (
				BEB74C3B2508797C0035FEC1 /* Sources */,
				BEB74C3C2508797C0035FEC1 /* Frameworks */,
				BEB74C3D2508797C0035FEC1 /* Resources */,
			);
			buildRules = (
			);
			dependencies = (
				BEB74C412508797C0035FEC1 /* PBXTargetDependency */,
			);
			name = SidePlayTests;
			productName = SidePlayTests;
			productReference = BEB74C3F2508797C0035FEC1 /* SidePlayTests.xctest */;
			productType = "com.apple.product-type.bundle.unit-test";
		};
		BEB74C492508797C0035FEC1 /* SidePlayUITests */ = {
			isa = PBXNativeTarget;
			buildConfigurationList = BEB74C592508797C0035FEC1 /* Build configuration list for PBXNativeTarget "SidePlayUITests" */;
			buildPhases = (
				BEB74C462508797C0035FEC1 /* Sources */,
				BEB74C472508797C0035FEC1 /* Frameworks */,
				BEB74C482508797C0035FEC1 /* Resources */,
			);
			buildRules = (
			);
			dependencies = (
				BEB74C4C2508797C0035FEC1 /* PBXTargetDependency */,
			);
			name = SidePlayUITests;
			productName = SidePlayUITests;
			productReference = BEB74C4A2508797C0035FEC1 /* SidePlayUITests.xctest */;
			productType = "com.apple.product-type.bundle.ui-testing";
		};
/* End PBXNativeTarget section */

/* Begin PBXProject section */
		BEB74C212508797B0035FEC1 /* Project object */ = {
			isa = PBXProject;
			attributes = {
				LastSwiftUpdateCheck = 1200;
				LastUpgradeCheck = 1200;
				TargetAttributes = {
					BEB74C282508797B0035FEC1 = {
						CreatedOnToolsVersion = 12.0;
					};
					BEB74C3E2508797C0035FEC1 = {
						CreatedOnToolsVersion = 12.0;
						TestTargetID = BEB74C282508797B0035FEC1;
					};
					BEB74C492508797C0035FEC1 = {
						CreatedOnToolsVersion = 12.0;
						TestTargetID = BEB74C282508797B0035FEC1;
					};
				};
			};
			buildConfigurationList = BEB74C242508797B0035FEC1 /* Build configuration list for PBXProject "SidePlay" */;
			compatibilityVersion = "Xcode 9.3";
			developmentRegion = en;
			hasScannedForEncodings = 0;
			knownRegions = (
				en,
				Base,
			);
			mainGroup = BEB74C202508797B0035FEC1;
			productRefGroup = BEB74C2A2508797B0035FEC1 /* Products */;
			projectDirPath = "";
			projectRoot = "";
			targets = (
				BEB74C282508797B0035FEC1 /* SidePlay */,
				BEB74C3E2508797C0035FEC1 /* SidePlayTests */,
				BEB74C492508797C0035FEC1 /* SidePlayUITests */,
			);
		};
/* End PBXProject section */

/* Begin PBXResourcesBuildPhase section */
		BEB74C272508797B0035FEC1 /* Resources */ = {
			isa = PBXResourcesBuildPhase;
			buildActionMask = 2147483647;
			files = (
				BEB74C342508797C0035FEC1 /* Preview Assets.xcassets in Resources */,
				BEB74C312508797C0035FEC1 /* Assets.xcassets in Resources */,
			);
			runOnlyForDeploymentPostprocessing = 0;
		};
		BEB74C3D2508797C0035FEC1 /* Resources */ = {
			isa = PBXResourcesBuildPhase;
			buildActionMask = 2147483647;
			files = (
			);
			runOnlyForDeploymentPostprocessing = 0;
		};
		BEB74C482508797C0035FEC1 /* Resources */ = {
			isa = PBXResourcesBuildPhase;
			buildActionMask = 2147483647;
			files = (
			);
			runOnlyForDeploymentPostprocessing = 0;
		};
/* End PBXResourcesBuildPhase section */

/* Begin PBXSourcesBuildPhase section */
		BEB74C252508797B0035FEC1 /* Sources */ = {
			isa = PBXSourcesBuildPhase;
			buildActionMask = 2147483647;
			files = (
				BEB74C392508797C0035FEC1 /* SidePlay.xcdatamodeld in Sources */,
				BEB74C362508797C0035FEC1 /* Persistence.swift in Sources */,
				BEB74C2F2508797B0035FEC1 /* ContentView.swift in Sources */,
				BEB74C2D2508797B0035FEC1 /* SidePlayApp.swift in Sources */,
			);
			runOnlyForDeploymentPostprocessing = 0;
		};
		BEB74C3B2508797C0035FEC1 /* Sources */ = {
			isa = PBXSourcesBuildPhase;
			buildActionMask = 2147483647;
			files = (
				BEB74C442508797C0035FEC1 /* SidePlayTests.swift in Sources */,
			);
			runOnlyForDeploymentPostprocessing = 0;
		};
		BEB74C462508797C0035FEC1 /* Sources */ = {
			isa = PBXSourcesBuildPhase;
			buildActionMask = 2147483647;
			files = (
				BEB74C4F2508797C0035FEC1 /* SidePlayUITests.swift in Sources */,
			);
			runOnlyForDeploymentPostprocessing = 0;
		};
/* End PBXSourcesBuildPhase section */

/* Begin PBXTargetDependency section */
		BEB74C412508797C0035FEC1 /* PBXTargetDependency */ = {
			isa = PBXTargetDependency;
			target = BEB74C282508797B0035FEC1 /* SidePlay */;
			targetProxy = BEB74C402508797C0035FEC1 /* PBXContainerItemProxy */;
		};
		BEB74C4C2508797C0035FEC1 /* PBXTargetDependency */ = {
			isa = PBXTargetDependency;
			target = BEB74C282508797B0035FEC1 /* SidePlay */;
			targetProxy = BEB74C4B2508797C0035FEC1 /* PBXContainerItemProxy */;
		};
/* End PBXTargetDependency section */

/* Begin XCBuildConfiguration section */
		BEB74C512508797C0035FEC1 /* Debug */ = {
			isa = XCBuildConfiguration;
			buildSettings = {
				ALWAYS_SEARCH_USER_PATHS = NO;
				CLANG_ANALYZER_NONNULL = YES;
				CLANG_ANALYZER_NUMBER_OBJECT_CONVERSION = YES_AGGRESSIVE;
				CLANG_CXX_LANGUAGE_STANDARD = "gnu++14";
				CLANG_CXX_LIBRARY = "libc++";
				CLANG_ENABLE_MODULES = YES;
				CLANG_ENABLE_OBJC_ARC = YES;
				CLANG_ENABLE_OBJC_WEAK = YES;
				CLANG_WARN_BLOCK_CAPTURE_AUTORELEASING = YES;
				CLANG_WARN_BOOL_CONVERSION = YES;
				CLANG_WARN_COMMA = YES;
				CLANG_WARN_CONSTANT_CONVERSION = YES;
				CLANG_WARN_DEPRECATED_OBJC_IMPLEMENTATIONS = YES;
				CLANG_WARN_DIRECT_OBJC_ISA_USAGE = YES_ERROR;
				CLANG_WARN_DOCUMENTATION_COMMENTS = YES;
				CLANG_WARN_EMPTY_BODY = YES;
				CLANG_WARN_ENUM_CONVERSION = YES;
				CLANG_WARN_INFINITE_RECURSION = YES;
				CLANG_WARN_INT_CONVERSION = YES;
				CLANG_WARN_NON_LITERAL_NULL_CONVERSION = YES;
				CLANG_WARN_OBJC_IMPLICIT_RETAIN_SELF = YES;
				CLANG_WARN_OBJC_LITERAL_CONVERSION = YES;
				CLANG_WARN_OBJC_ROOT_CLASS = YES_ERROR;
				CLANG_WARN_QUOTED_INCLUDE_IN_FRAMEWORK_HEADER = YES;
				CLANG_WARN_RANGE_LOOP_ANALYSIS = YES;
				CLANG_WARN_STRICT_PROTOTYPES = YES;
				CLANG_WARN_SUSPICIOUS_MOVE = YES;
				CLANG_WARN_UNGUARDED_AVAILABILITY = YES_AGGRESSIVE;
				CLANG_WARN_UNREACHABLE_CODE = YES;
				CLANG_WARN__DUPLICATE_METHOD_MATCH = YES;
				COPY_PHASE_STRIP = NO;
				DEBUG_INFORMATION_FORMAT = dwarf;
				ENABLE_STRICT_OBJC_MSGSEND = YES;
				ENABLE_TESTABILITY = YES;
				GCC_C_LANGUAGE_STANDARD = gnu11;
				GCC_DYNAMIC_NO_PIC = NO;
				GCC_NO_COMMON_BLOCKS = YES;
				GCC_OPTIMIZATION_LEVEL = 0;
				GCC_PREPROCESSOR_DEFINITIONS = (
					"DEBUG=1",
					"$(inherited)",
				);
				GCC_WARN_64_TO_32_BIT_CONVERSION = YES;
				GCC_WARN_ABOUT_RETURN_TYPE = YES_ERROR;
				GCC_WARN_UNDECLARED_SELECTOR = YES;
				GCC_WARN_UNINITIALIZED_AUTOS = YES_AGGRESSIVE;
				GCC_WARN_UNUSED_FUNCTION = YES;
				GCC_WARN_UNUSED_VARIABLE = YES;
				IPHONEOS_DEPLOYMENT_TARGET = 14.0;
				MTL_ENABLE_DEBUG_INFO = INCLUDE_SOURCE;
				MTL_FAST_MATH = YES;
				ONLY_ACTIVE_ARCH = YES;
				SDKROOT = iphoneos;
				SWIFT_ACTIVE_COMPILATION_CONDITIONS = DEBUG;
				SWIFT_OPTIMIZATION_LEVEL = "-Onone";
			};
			name = Debug;
		};
		BEB74C522508797C0035FEC1 /* Release */ = {
			isa = XCBuildConfiguration;
			buildSettings = {
				ALWAYS_SEARCH_USER_PATHS = NO;
				CLANG_ANALYZER_NONNULL = YES;
				CLANG_ANALYZER_NUMBER_OBJECT_CONVERSION = YES_AGGRESSIVE;
				CLANG_CXX_LANGUAGE_STANDARD = "gnu++14";
				CLANG_CXX_LIBRARY = "libc++";
				CLANG_ENABLE_MODULES = YES;
				CLANG_ENABLE_OBJC_ARC = YES;
				CLANG_ENABLE_OBJC_WEAK = YES;
				CLANG_WARN_BLOCK_CAPTURE_AUTORELEASING = YES;
				CLANG_WARN_BOOL_CONVERSION = YES;
				CLANG_WARN_COMMA = YES;
				CLANG_WARN_CONSTANT_CONVERSION = YES;
				CLANG_WARN_DEPRECATED_OBJC_IMPLEMENTATIONS = YES;
				CLANG_WARN_DIRECT_OBJC_ISA_USAGE = YES_ERROR;
				CLANG_WARN_DOCUMENTATION_COMMENTS = YES;
				CLANG_WARN_EMPTY_BODY = YES;
				CLANG_WARN_ENUM_CONVERSION = YES;
				CLANG_WARN_INFINITE_RECURSION = YES;
				CLANG_WARN_INT_CONVERSION = YES;
				CLANG_WARN_NON_LITERAL_NULL_CONVERSION = YES;
				CLANG_WARN_OBJC_IMPLICIT_RETAIN_SELF = YES;
				CLANG_WARN_OBJC_LITERAL_CONVERSION = YES;
				CLANG_WARN_OBJC_ROOT_CLASS = YES_ERROR;
				CLANG_WARN_QUOTED_INCLUDE_IN_FRAMEWORK_HEADER = YES;
				CLANG_WARN_RANGE_LOOP_ANALYSIS = YES;
				CLANG_WARN_STRICT_PROTOTYPES = YES;
				CLANG_WARN_SUSPICIOUS_MOVE = YES;
				CLANG_WARN_UNGUARDED_AVAILABILITY = YES_AGGRESSIVE;
				CLANG_WARN_UNREACHABLE_CODE = YES;
				CLANG_WARN__DUPLICATE_METHOD_MATCH = YES;
				COPY_PHASE_STRIP = NO;
				DEBUG_INFORMATION_FORMAT = "dwarf-with-dsym";
				ENABLE_NS_ASSERTIONS = NO;
				ENABLE_STRICT_OBJC_MSGSEND = YES;
				GCC_C_LANGUAGE_STANDARD = gnu11;
				GCC_NO_COMMON_BLOCKS = YES;
				GCC_WARN_64_TO_32_BIT_CONVERSION = YES;
				GCC_WARN_ABOUT_RETURN_TYPE = YES_ERROR;
				GCC_WARN_UNDECLARED_SELECTOR = YES;
				GCC_WARN_UNINITIALIZED_AUTOS = YES_AGGRESSIVE;
				GCC_WARN_UNUSED_FUNCTION = YES;
				GCC_WARN_UNUSED_VARIABLE = YES;
				IPHONEOS_DEPLOYMENT_TARGET = 14.0;
				MTL_ENABLE_DEBUG_INFO = NO;
				MTL_FAST_MATH = YES;
				SDKROOT = iphoneos;
				SWIFT_COMPILATION_MODE = wholemodule;
				SWIFT_OPTIMIZATION_LEVEL = "-O";
				VALIDATE_PRODUCT = YES;
			};
			name = Release;
		};
		BEB74C542508797C0035FEC1 /* Debug */ = {
			isa = XCBuildConfiguration;
			buildSettings = {
				ASSETCATALOG_COMPILER_APPICON_NAME = AppIcon;
				ASSETCATALOG_COMPILER_GLOBAL_ACCENT_COLOR_NAME = AccentColor;
				CODE_SIGN_STYLE = Automatic;
				DEVELOPMENT_ASSET_PATHS = "\"SidePlay/Preview Content\"";
				DEVELOPMENT_TEAM = JSZY8AYXNH;
				ENABLE_PREVIEWS = YES;
				INFOPLIST_FILE = SidePlay/Info.plist;
				IPHONEOS_DEPLOYMENT_TARGET = 14.0;
				LD_RUNPATH_SEARCH_PATHS = (
					"$(inherited)",
					"@executable_path/Frameworks",
				);
				PRODUCT_BUNDLE_IDENTIFIER = com.Chimney.SidePlay;
				PRODUCT_NAME = "$(TARGET_NAME)";
				SWIFT_VERSION = 5.0;
				TARGETED_DEVICE_FAMILY = "1,2";
			};
			name = Debug;
		};
		BEB74C552508797C0035FEC1 /* Release */ = {
			isa = XCBuildConfiguration;
			buildSettings = {
				ASSETCATALOG_COMPILER_APPICON_NAME = AppIcon;
				ASSETCATALOG_COMPILER_GLOBAL_ACCENT_COLOR_NAME = AccentColor;
				CODE_SIGN_STYLE = Automatic;
				DEVELOPMENT_ASSET_PATHS = "\"SidePlay/Preview Content\"";
				DEVELOPMENT_TEAM = JSZY8AYXNH;
				ENABLE_PREVIEWS = YES;
				INFOPLIST_FILE = SidePlay/Info.plist;
				IPHONEOS_DEPLOYMENT_TARGET = 14.0;
				LD_RUNPATH_SEARCH_PATHS = (
					"$(inherited)",
					"@executable_path/Frameworks",
				);
				PRODUCT_BUNDLE_IDENTIFIER = com.Chimney.SidePlay;
				PRODUCT_NAME = "$(TARGET_NAME)";
				SWIFT_VERSION = 5.0;
				TARGETED_DEVICE_FAMILY = "1,2";
			};
			name = Release;
		};
		BEB74C572508797C0035FEC1 /* Debug */ = {
			isa = XCBuildConfiguration;
			buildSettings = {
				ALWAYS_EMBED_SWIFT_STANDARD_LIBRARIES = YES;
				BUNDLE_LOADER = "$(TEST_HOST)";
				CODE_SIGN_STYLE = Automatic;
				DEVELOPMENT_TEAM = JSZY8AYXNH;
				INFOPLIST_FILE = SidePlayTests/Info.plist;
				IPHONEOS_DEPLOYMENT_TARGET = 14.0;
				LD_RUNPATH_SEARCH_PATHS = (
					"$(inherited)",
					"@executable_path/Frameworks",
					"@loader_path/Frameworks",
				);
				PRODUCT_BUNDLE_IDENTIFIER = com.Chimney.SidePlayTests;
				PRODUCT_NAME = "$(TARGET_NAME)";
				SWIFT_VERSION = 5.0;
				TARGETED_DEVICE_FAMILY = "1,2";
				TEST_HOST = "$(BUILT_PRODUCTS_DIR)/SidePlay.app/SidePlay";
			};
			name = Debug;
		};
		BEB74C582508797C0035FEC1 /* Release */ = {
			isa = XCBuildConfiguration;
			buildSettings = {
				ALWAYS_EMBED_SWIFT_STANDARD_LIBRARIES = YES;
				BUNDLE_LOADER = "$(TEST_HOST)";
				CODE_SIGN_STYLE = Automatic;
				DEVELOPMENT_TEAM = JSZY8AYXNH;
				INFOPLIST_FILE = SidePlayTests/Info.plist;
				IPHONEOS_DEPLOYMENT_TARGET = 14.0;
				LD_RUNPATH_SEARCH_PATHS = (
					"$(inherited)",
					"@executable_path/Frameworks",
					"@loader_path/Frameworks",
				);
				PRODUCT_BUNDLE_IDENTIFIER = com.Chimney.SidePlayTests;
				PRODUCT_NAME = "$(TARGET_NAME)";
				SWIFT_VERSION = 5.0;
				TARGETED_DEVICE_FAMILY = "1,2";
				TEST_HOST = "$(BUILT_PRODUCTS_DIR)/SidePlay.app/SidePlay";
			};
			name = Release;
		};
		BEB74C5A2508797C0035FEC1 /* Debug */ = {
			isa = XCBuildConfiguration;
			buildSettings = {
				ALWAYS_EMBED_SWIFT_STANDARD_LIBRARIES = YES;
				CODE_SIGN_STYLE = Automatic;
				DEVELOPMENT_TEAM = JSZY8AYXNH;
				INFOPLIST_FILE = SidePlayUITests/Info.plist;
				LD_RUNPATH_SEARCH_PATHS = (
					"$(inherited)",
					"@executable_path/Frameworks",
					"@loader_path/Frameworks",
				);
				PRODUCT_BUNDLE_IDENTIFIER = com.Chimney.SidePlayUITests;
				PRODUCT_NAME = "$(TARGET_NAME)";
				SWIFT_VERSION = 5.0;
				TARGETED_DEVICE_FAMILY = "1,2";
				TEST_TARGET_NAME = SidePlay;
			};
			name = Debug;
		};
		BEB74C5B2508797C0035FEC1 /* Release */ = {
			isa = XCBuildConfiguration;
			buildSettings = {
				ALWAYS_EMBED_SWIFT_STANDARD_LIBRARIES = YES;
				CODE_SIGN_STYLE = Automatic;
				DEVELOPMENT_TEAM = JSZY8AYXNH;
				INFOPLIST_FILE = SidePlayUITests/Info.plist;
				LD_RUNPATH_SEARCH_PATHS = (
					"$(inherited)",
					"@executable_path/Frameworks",
					"@loader_path/Frameworks",
				);
				PRODUCT_BUNDLE_IDENTIFIER = com.Chimney.SidePlayUITests;
				PRODUCT_NAME = "$(TARGET_NAME)";
				SWIFT_VERSION = 5.0;
				TARGETED_DEVICE_FAMILY = "1,2";
				TEST_TARGET_NAME = SidePlay;
			};
			name = Release;
		};
/* End XCBuildConfiguration section */

/* Begin XCConfigurationList section */
		BEB74C242508797B0035FEC1 /* Build configuration list for PBXProject "SidePlay" */ = {
			isa = XCConfigurationList;
			buildConfigurations = (
				BEB74C512508797C0035FEC1 /* Debug */,
				BEB74C522508797C0035FEC1 /* Release */,
			);
			defaultConfigurationIsVisible = 0;
			defaultConfigurationName = Release;
		};
		BEB74C532508797C0035FEC1 /* Build configuration list for PBXNativeTarget "SidePlay" */ = {
			isa = XCConfigurationList;
			buildConfigurations = (
				BEB74C542508797C0035FEC1 /* Debug */,
				BEB74C552508797C0035FEC1 /* Release */,
			);
			defaultConfigurationIsVisible = 0;
			defaultConfigurationName = Release;
		};
		BEB74C562508797C0035FEC1 /* Build configuration list for PBXNativeTarget "SidePlayTests" */ = {
			isa = XCConfigurationList;
			buildConfigurations = (
				BEB74C572508797C0035FEC1 /* Debug */,
				BEB74C582508797C0035FEC1 /* Release */,
			);
			defaultConfigurationIsVisible = 0;
			defaultConfigurationName = Release;
		};
		BEB74C592508797C0035FEC1 /* Build configuration list for PBXNativeTarget "SidePlayUITests" */ = {
			isa = XCConfigurationList;
			buildConfigurations = (
				BEB74C5A2508797C0035FEC1 /* Debug */,
				BEB74C5B2508797C0035FEC1 /* Release */,
			);
			defaultConfigurationIsVisible = 0;
			defaultConfigurationName = Release;
		};
/* End XCConfigurationList section */

/* Begin XCVersionGroup section */
		BEB74C372508797C0035FEC1 /* SidePlay.xcdatamodeld */ = {
			isa = XCVersionGroup;
			children = (
				BEB74C382508797C0035FEC1 /* SidePlay.xcdatamodel */,
			);
			currentVersion = BEB74C382508797C0035FEC1 /* SidePlay.xcdatamodel */;
			path = SidePlay.xcdatamodeld;
			sourceTree = "<group>";
			versionGroupType = wrapper.xcdatamodel;
		};
/* End XCVersionGroup section */
	};
	rootObject = BEB74C212508797B0035FEC1 /* Project object */;
}
